// !$*UTF8*$!
{
	archiveVersion = 1;
	classes = {
	};
	objectVersion = 46;
	objects = {

/* Begin PBXBuildFile section */
		7F2332CF1B119134000AF54B /* AppDelegate.swift in Sources */ = {isa = PBXBuildFile; fileRef = 7F2332CE1B119134000AF54B /* AppDelegate.swift */; };
		7F2332D11B119134000AF54B /* ViewController.swift in Sources */ = {isa = PBXBuildFile; fileRef = 7F2332D01B119134000AF54B /* ViewController.swift */; };
		7F2332D41B119134000AF54B /* Main.storyboard in Resources */ = {isa = PBXBuildFile; fileRef = 7F2332D21B119134000AF54B /* Main.storyboard */; };
		7F2332D61B119134000AF54B /* Images.xcassets in Resources */ = {isa = PBXBuildFile; fileRef = 7F2332D51B119134000AF54B /* Images.xcassets */; };
		7F2332D91B119134000AF54B /* LaunchScreen.xib in Resources */ = {isa = PBXBuildFile; fileRef = 7F2332D71B119134000AF54B /* LaunchScreen.xib */; };
		7F2332E51B119134000AF54B /* touchidTests.swift in Sources */ = {isa = PBXBuildFile; fileRef = 7F2332E41B119134000AF54B /* touchidTests.swift */; };
/* End PBXBuildFile section */

/* Begin PBXContainerItemProxy section */
		7F2332DF1B119134000AF54B /* PBXContainerItemProxy */ = {
			isa = PBXContainerItemProxy;
			containerPortal = 7F2332C11B119134000AF54B /* Project object */;
			proxyType = 1;
			remoteGlobalIDString = 7F2332C81B119134000AF54B;
			remoteInfo = touchid;
		};
/* End PBXContainerItemProxy section */

/* Begin PBXFileReference section */
		7F2332C91B119134000AF54B /* touchid.app */ = {isa = PBXFileReference; explicitFileType = wrapper.application; includeInIndex = 0; path = touchid.app; sourceTree = BUILT_PRODUCTS_DIR; };
		7F2332CD1B119134000AF54B /* Info.plist */ = {isa = PBXFileReference; lastKnownFileType = text.plist.xml; path = Info.plist; sourceTree = "<group>"; };
		7F2332CE1B119134000AF54B /* AppDelegate.swift */ = {isa = PBXFileReference; lastKnownFileType = sourcecode.swift; path = AppDelegate.swift; sourceTree = "<group>"; };
		7F2332D01B119134000AF54B /* ViewController.swift */ = {isa = PBXFileReference; lastKnownFileType = sourcecode.swift; path = ViewController.swift; sourceTree = "<group>"; };
		7F2332D31B119134000AF54B /* Base */ = {isa = PBXFileReference; lastKnownFileType = file.storyboard; name = Base; path = Base.lproj/Main.storyboard; sourceTree = "<group>"; };
		7F2332D51B119134000AF54B /* Images.xcassets */ = {isa = PBXFileReference; lastKnownFileType = folder.assetcatalog; path = Images.xcassets; sourceTree = "<group>"; };
		7F2332D81B119134000AF54B /* Base */ = {isa = PBXFileReference; lastKnownFileType = file.xib; name = Base; path = Base.lproj/LaunchScreen.xib; sourceTree = "<group>"; };
		7F2332DE1B119134000AF54B /* touchidTests.xctest */ = {isa = PBXFileReference; explicitFileType = wrapper.cfbundle; includeInIndex = 0; path = touchidTests.xctest; sourceTree = BUILT_PRODUCTS_DIR; };
		7F2332E31B119134000AF54B /* Info.plist */ = {isa = PBXFileReference; lastKnownFileType = text.plist.xml; path = Info.plist; sourceTree = "<group>"; };
		7F2332E41B119134000AF54B /* touchidTests.swift */ = {isa = PBXFileReference; lastKnownFileType = sourcecode.swift; path = touchidTests.swift; sourceTree = "<group>"; };
/* End PBXFileReference section */

/* Begin PBXFrameworksBuildPhase section */
		7F2332C61B119134000AF54B /* Frameworks */ = {
			isa = PBXFrameworksBuildPhase;
			buildActionMask = 2147483647;
			files = (
			);
			runOnlyForDeploymentPostprocessing = 0;
		};
		7F2332DB1B119134000AF54B /* Frameworks */ = {
			isa = PBXFrameworksBuildPhase;
			buildActionMask = 2147483647;
			files = (
			);
			runOnlyForDeploymentPostprocessing = 0;
		};
/* End PBXFrameworksBuildPhase section */

/* Begin PBXGroup section */
		7F2332C01B119134000AF54B = {
			isa = PBXGroup;
			children = (
				7F2332CB1B119134000AF54B /* touchid */,
				7F2332E11B119134000AF54B /* touchidTests */,
				7F2332CA1B119134000AF54B /* Products */,
			);
			sourceTree = "<group>";
		};
		7F2332CA1B119134000AF54B /* Products */ = {
			isa = PBXGroup;
			children = (
				7F2332C91B119134000AF54B /* touchid.app */,
				7F2332DE1B119134000AF54B /* touchidTests.xctest */,
			);
			name = Products;
			sourceTree = "<group>";
		};
		7F2332CB1B119134000AF54B /* touchid */ = {
			isa = PBXGroup;
			children = (
				7F2332CE1B119134000AF54B /* AppDelegate.swift */,
				7F2332D01B119134000AF54B /* ViewController.swift */,
				7F2332D21B119134000AF54B /* Main.storyboard */,
				7F2332D51B119134000AF54B /* Images.xcassets */,
				7F2332D71B119134000AF54B /* LaunchScreen.xib */,
				7F2332CC1B119134000AF54B /* Supporting Files */,
			);
			path = touchid;
			sourceTree = "<group>";
		};
		7F2332CC1B119134000AF54B /* Supporting Files */ = {
			isa = PBXGroup;
			children = (
				7F2332CD1B119134000AF54B /* Info.plist */,
			);
			name = "Supporting Files";
			sourceTree = "<group>";
		};
		7F2332E11B119134000AF54B /* touchidTests */ = {
			isa = PBXGroup;
			children = (
				7F2332E41B119134000AF54B /* touchidTests.swift */,
				7F2332E21B119134000AF54B /* Supporting Files */,
			);
			path = touchidTests;
			sourceTree = "<group>";
		};
		7F2332E21B119134000AF54B /* Supporting Files */ = {
			isa = PBXGroup;
			children = (
				7F2332E31B119134000AF54B /* Info.plist */,
			);
			name = "Supporting Files";
			sourceTree = "<group>";
		};
/* End PBXGroup section */

/* Begin PBXNativeTarget section */
		7F2332C81B119134000AF54B /* touchid */ = {
			isa = PBXNativeTarget;
			buildConfigurationList = 7F2332E81B119134000AF54B /* Build configuration list for PBXNativeTarget "touchid" */;
			buildPhases = (
				7F2332C51B119134000AF54B /* Sources */,
				7F2332C61B119134000AF54B /* Frameworks */,
				7F2332C71B119134000AF54B /* Resources */,
			);
			buildRules = (
			);
			dependencies = (
			);
			name = touchid;
			productName = touchid;
			productReference = 7F2332C91B119134000AF54B /* touchid.app */;
			productType = "com.apple.product-type.application";
		};
		7F2332DD1B119134000AF54B /* touchidTests */ = {
			isa = PBXNativeTarget;
			buildConfigurationList = 7F2332EB1B119134000AF54B /* Build configuration list for PBXNativeTarget "touchidTests" */;
			buildPhases = (
				7F2332DA1B119134000AF54B /* Sources */,
				7F2332DB1B119134000AF54B /* Frameworks */,
				7F2332DC1B119134000AF54B /* Resources */,
			);
			buildRules = (
			);
			dependencies = (
				7F2332E01B119134000AF54B /* PBXTargetDependency */,
			);
			name = touchidTests;
			productName = touchidTests;
			productReference = 7F2332DE1B119134000AF54B /* touchidTests.xctest */;
			productType = "com.apple.product-type.bundle.unit-test";
		};
/* End PBXNativeTarget section */

/* Begin PBXProject section */
		7F2332C11B119134000AF54B /* Project object */ = {
			isa = PBXProject;
			attributes = {
				LastUpgradeCheck = 0630;
				ORGANIZATIONNAME = GarethPaul;
				TargetAttributes = {
					7F2332C81B119134000AF54B = {
						CreatedOnToolsVersion = 6.3;
					};
					7F2332DD1B119134000AF54B = {
						CreatedOnToolsVersion = 6.3;
						TestTargetID = 7F2332C81B119134000AF54B;
					};
				};
			};
			buildConfigurationList = 7F2332C41B119134000AF54B /* Build configuration list for PBXProject "touchid" */;
			compatibilityVersion = "Xcode 3.2";
			developmentRegion = English;
			hasScannedForEncodings = 0;
			knownRegions = (
				en,
				Base,
			);
			mainGroup = 7F2332C01B119134000AF54B;
			productRefGroup = 7F2332CA1B119134000AF54B /* Products */;
			projectDirPath = "";
			projectRoot = "";
			targets = (
				7F2332C81B119134000AF54B /* touchid */,
				7F2332DD1B119134000AF54B /* touchidTests */,
			);
		};
/* End PBXProject section */

/* Begin PBXResourcesBuildPhase section */
		7F2332C71B119134000AF54B /* Resources */ = {
			isa = PBXResourcesBuildPhase;
			buildActionMask = 2147483647;
			files = (
				7F2332D41B119134000AF54B /* Main.storyboard in Resources */,
				7F2332D91B119134000AF54B /* LaunchScreen.xib in Resources */,
				7F2332D61B119134000AF54B /* Images.xcassets in Resources */,
			);
			runOnlyForDeploymentPostprocessing = 0;
		};
		7F2332DC1B119134000AF54B /* Resources */ = {
			isa = PBXResourcesBuildPhase;
			buildActionMask = 2147483647;
			files = (
			);
			runOnlyForDeploymentPostprocessing = 0;
		};
/* End PBXResourcesBuildPhase section */

/* Begin PBXSourcesBuildPhase section */
		7F2332C51B119134000AF54B /* Sources */ = {
			isa = PBXSourcesBuildPhase;
			buildActionMask = 2147483647;
			files = (
				7F2332D11B119134000AF54B /* ViewController.swift in Sources */,
				7F2332CF1B119134000AF54B /* AppDelegate.swift in Sources */,
			);
			runOnlyForDeploymentPostprocessing = 0;
		};
		7F2332DA1B119134000AF54B /* Sources */ = {
			isa = PBXSourcesBuildPhase;
			buildActionMask = 2147483647;
			files = (
				7F2332E51B119134000AF54B /* touchidTests.swift in Sources */,
			);
			runOnlyForDeploymentPostprocessing = 0;
		};
/* End PBXSourcesBuildPhase section */

/* Begin PBXTargetDependency section */
		7F2332E01B119134000AF54B /* PBXTargetDependency */ = {
			isa = PBXTargetDependency;
			target = 7F2332C81B119134000AF54B /* touchid */;
			targetProxy = 7F2332DF1B119134000AF54B /* PBXContainerItemProxy */;
		};
/* End PBXTargetDependency section */

/* Begin PBXVariantGroup section */
		7F2332D21B119134000AF54B /* Main.storyboard */ = {
			isa = PBXVariantGroup;
			children = (
				7F2332D31B119134000AF54B /* Base */,
			);
			name = Main.storyboard;
			sourceTree = "<group>";
		};
		7F2332D71B119134000AF54B /* LaunchScreen.xib */ = {
			isa = PBXVariantGroup;
			children = (
				7F2332D81B119134000AF54B /* Base */,
			);
			name = LaunchScreen.xib;
			sourceTree = "<group>";
		};
/* End PBXVariantGroup section */

/* Begin XCBuildConfiguration section */
		7F2332E61B119134000AF54B /* Debug */ = {
			isa = XCBuildConfiguration;
			buildSettings = {
				ALWAYS_SEARCH_USER_PATHS = NO;
				CLANG_CXX_LANGUAGE_STANDARD = "gnu++0x";
				CLANG_CXX_LIBRARY = "libc++";
				CLANG_ENABLE_MODULES = YES;
				CLANG_ENABLE_OBJC_ARC = YES;
				CLANG_WARN_BOOL_CONVERSION = YES;
				CLANG_WARN_CONSTANT_CONVERSION = YES;
				CLANG_WARN_DIRECT_OBJC_ISA_USAGE = YES_ERROR;
				CLANG_WARN_EMPTY_BODY = YES;
				CLANG_WARN_ENUM_CONVERSION = YES;
				CLANG_WARN_INT_CONVERSION = YES;
				CLANG_WARN_OBJC_ROOT_CLASS = YES_ERROR;
				CLANG_WARN_UNREACHABLE_CODE = YES;
				CLANG_WARN__DUPLICATE_METHOD_MATCH = YES;
				"CODE_SIGN_IDENTITY[sdk=iphoneos*]" = "iPhone Developer";
				COPY_PHASE_STRIP = NO;
				DEBUG_INFORMATION_FORMAT = "dwarf-with-dsym";
				ENABLE_STRICT_OBJC_MSGSEND = YES;
				GCC_C_LANGUAGE_STANDARD = gnu99;
				GCC_DYNAMIC_NO_PIC = NO;
				GCC_NO_COMMON_BLOCKS = YES;
				GCC_OPTIMIZATION_LEVEL = 0;
				GCC_PREPROCESSOR_DEFINITIONS = (
					"DEBUG=1",
					"$(inherited)",
				);
				GCC_SYMBOLS_PRIVATE_EXTERN = NO;
				GCC_WARN_64_TO_32_BIT_CONVERSION = YES;
				GCC_WARN_ABOUT_RETURN_TYPE = YES_ERROR;
				GCC_WARN_UNDECLARED_SELECTOR = YES;
				GCC_WARN_UNINITIALIZED_AUTOS = YES_AGGRESSIVE;
				GCC_WARN_UNUSED_FUNCTION = YES;
				GCC_WARN_UNUSED_VARIABLE = YES;
				IPHONEOS_DEPLOYMENT_TARGET = 8.3;
				MTL_ENABLE_DEBUG_INFO = YES;
				ONLY_ACTIVE_ARCH = YES;
				SDKROOT = iphoneos;
				SWIFT_OPTIMIZATION_LEVEL = "-Onone";
				TARGETED_DEVICE_FAMILY = "1,2";
			};
			name = Debug;
		};
		7F2332E71B119134000AF54B /* Release */ = {
			isa = XCBuildConfiguration;
			buildSettings = {
				ALWAYS_SEARCH_USER_PATHS = NO;
				CLANG_CXX_LANGUAGE_STANDARD = "gnu++0x";
				CLANG_CXX_LIBRARY = "libc++";
				CLANG_ENABLE_MODULES = YES;
				CLANG_ENABLE_OBJC_ARC = YES;
				CLANG_WARN_BOOL_CONVERSION = YES;
				CLANG_WARN_CONSTANT_CONVERSION = YES;
				CLANG_WARN_DIRECT_OBJC_ISA_USAGE = YES_ERROR;
				CLANG_WARN_EMPTY_BODY = YES;
				CLANG_WARN_ENUM_CONVERSION = YES;
				CLANG_WARN_INT_CONVERSION = YES;
				CLANG_WARN_OBJC_ROOT_CLASS = YES_ERROR;
				CLANG_WARN_UNREACHABLE_CODE = YES;
				CLANG_WARN__DUPLICATE_METHOD_MATCH = YES;
				"CODE_SIGN_IDENTITY[sdk=iphoneos*]" = "iPhone Developer";
				COPY_PHASE_STRIP = NO;
				DEBUG_INFORMATION_FORMAT = "dwarf-with-dsym";
				ENABLE_NS_ASSERTIONS = NO;
				ENABLE_STRICT_OBJC_MSGSEND = YES;
				GCC_C_LANGUAGE_STANDARD = gnu99;
				GCC_NO_COMMON_BLOCKS = YES;
				GCC_WARN_64_TO_32_BIT_CONVERSION = YES;
				GCC_WARN_ABOUT_RETURN_TYPE = YES_ERROR;
				GCC_WARN_UNDECLARED_SELECTOR = YES;
				GCC_WARN_UNINITIALIZED_AUTOS = YES_AGGRESSIVE;
				GCC_WARN_UNUSED_FUNCTION = YES;
				GCC_WARN_UNUSED_VARIABLE = YES;
				IPHONEOS_DEPLOYMENT_TARGET = 8.3;
				MTL_ENABLE_DEBUG_INFO = NO;
				SDKROOT = iphoneos;
				TARGETED_DEVICE_FAMILY = "1,2";
				VALIDATE_PRODUCT = YES;
			};
			name = Release;
		};
		7F2332E91B119134000AF54B /* Debug */ = {
			isa = XCBuildConfiguration;
			buildSettings = {
				ASSETCATALOG_COMPILER_APPICON_NAME = AppIcon;
				INFOPLIST_FILE = touchid/Info.plist;
				LD_RUNPATH_SEARCH_PATHS = "$(inherited) @executable_path/Frameworks";
				PRODUCT_NAME = "$(TARGET_NAME)";
			};
			name = Debug;
		};
		7F2332EA1B119134000AF54B /* Release */ = {
			isa = XCBuildConfiguration;
			buildSettings = {
				ASSETCATALOG_COMPILER_APPICON_NAME = AppIcon;
				INFOPLIST_FILE = touchid/Info.plist;
				LD_RUNPATH_SEARCH_PATHS = "$(inherited) @executable_path/Frameworks";
				PRODUCT_NAME = "$(TARGET_NAME)";
			};
			name = Release;
		};
		7F2332EC1B119134000AF54B /* Debug */ = {
			isa = XCBuildConfiguration;
			buildSettings = {
				BUNDLE_LOADER = "$(TEST_HOST)";
				FRAMEWORK_SEARCH_PATHS = (
					"$(SDKROOT)/Developer/Library/Frameworks",
					"$(inherited)",
				);
				GCC_PREPROCESSOR_DEFINITIONS = (
					"DEBUG=1",
					"$(inherited)",
				);
				INFOPLIST_FILE = touchidTests/Info.plist;
				LD_RUNPATH_SEARCH_PATHS = "$(inherited) @executable_path/Frameworks @loader_path/Frameworks";
				PRODUCT_NAME = "$(TARGET_NAME)";
				TEST_HOST = "$(BUILT_PRODUCTS_DIR)/touchid.app/touchid";
			};
			name = Debug;
		};
		7F2332ED1B119134000AF54B /* Release */ = {
			isa = XCBuildConfiguration;
			buildSettings = {
				BUNDLE_LOADER = "$(TEST_HOST)";
				FRAMEWORK_SEARCH_PATHS = (
					"$(SDKROOT)/Developer/Library/Frameworks",
					"$(inherited)",
				);
				INFOPLIST_FILE = touchidTests/Info.plist;
				LD_RUNPATH_SEARCH_PATHS = "$(inherited) @executable_path/Frameworks @loader_path/Frameworks";
				PRODUCT_NAME = "$(TARGET_NAME)";
				TEST_HOST = "$(BUILT_PRODUCTS_DIR)/touchid.app/touchid";
			};
			name = Release;
		};
/* End XCBuildConfiguration section */

/* Begin XCConfigurationList section */
		7F2332C41B119134000AF54B /* Build configuration list for PBXProject "touchid" */ = {
			isa = XCConfigurationList;
			buildConfigurations = (
				7F2332E61B119134000AF54B /* Debug */,
				7F2332E71B119134000AF54B /* Release */,
			);
			defaultConfigurationIsVisible = 0;
			defaultConfigurationName = Release;
		};
		7F2332E81B119134000AF54B /* Build configuration list for PBXNativeTarget "touchid" */ = {
			isa = XCConfigurationList;
			buildConfigurations = (
				7F2332E91B119134000AF54B /* Debug */,
				7F2332EA1B119134000AF54B /* Release */,
			);
			defaultConfigurationIsVisible = 0;
		};
		7F2332EB1B119134000AF54B /* Build configuration list for PBXNativeTarget "touchidTests" */ = {
			isa = XCConfigurationList;
			buildConfigurations = (
				7F2332EC1B119134000AF54B /* Debug */,
				7F2332ED1B119134000AF54B /* Release */,
			);
			defaultConfigurationIsVisible = 0;
		};
/* End XCConfigurationList section */
	};
	rootObject = 7F2332C11B119134000AF54B /* Project object */;
}
